
Microsoft Visual Studio Solution File, Format Version 12.00
# Visual Studio 15
VisualStudioVersion = 15.0.28307.572
MinimumVisualStudioVersion = 10.0.40219.1
Project("{FAE04EC0-301F-11D3-BF4B-00C04F79EFBC}") = "AspMVC", "AspMVC\AspMVC.csproj", "{989132A7-7DAB-48CA-9213-F665BDB16B2B}"
EndProject
Global
	GlobalSection(SolutionConfigurationPlatforms) = preSolution
		Debug|Any CPU = Debug|Any CPU
		Release|Any CPU = Release|Any CPU
	EndGlobalSection
	GlobalSection(ProjectConfigurationPlatforms) = postSolution
		{989132A7-7DAB-48CA-9213-F665BDB16B2B}.Debug|Any CPU.ActiveCfg = Debug|Any CPU
		{989132A7-7DAB-48CA-9213-F665BDB16B2B}.Debug|Any CPU.Build.0 = Debug|Any CPU
		{989132A7-7DAB-48CA-9213-F665BDB16B2B}.Release|Any CPU.ActiveCfg = Release|Any CPU
		{989132A7-7DAB-48CA-9213-F665BDB16B2B}.Release|Any CPU.Build.0 = Release|Any CPU
	EndGlobalSection
	GlobalSection(SolutionProperties) = preSolution
		HideSolutionNode = FALSE
	EndGlobalSection
	GlobalSection(ExtensibilityGlobals) = postSolution
		SolutionGuid = {AD8BEB18-8877-47C4-A7B1-EA69B10BBACA}
	EndGlobalSection
EndGlobal
